// !$*UTF8*$!
{
	archiveVersion = 1;
	classes = {
	};
	objectVersion = 46;
	objects = {

/* Begin PBXBuildFile section */
		002830EF02ACDAB579642DA9 /* Pods_iiiimmmm2.framework in Frameworks */ = {isa = PBXBuildFile; fileRef = 46FC08352DD5CAE7F7980A4B /* Pods_iiiimmmm2.framework */; };
		3DC0B4FE1BDFB94E0099C02F /* AppDelegate.swift in Sources */ = {isa = PBXBuildFile; fileRef = 3DC0B4FD1BDFB94E0099C02F /* AppDelegate.swift */; };
		3DC0B5001BDFB94E0099C02F /* FirstViewController.swift in Sources */ = {isa = PBXBuildFile; fileRef = 3DC0B4FF1BDFB94E0099C02F /* FirstViewController.swift */; };
		3DC0B5021BDFB94E0099C02F /* SecondViewController.swift in Sources */ = {isa = PBXBuildFile; fileRef = 3DC0B5011BDFB94E0099C02F /* SecondViewController.swift */; };
		3DC0B5051BDFB94E0099C02F /* Main.storyboard in Resources */ = {isa = PBXBuildFile; fileRef = 3DC0B5031BDFB94E0099C02F /* Main.storyboard */; };
		3DC0B5071BDFB94E0099C02F /* Assets.xcassets in Resources */ = {isa = PBXBuildFile; fileRef = 3DC0B5061BDFB94E0099C02F /* Assets.xcassets */; };
		3DC0B50A1BDFB94E0099C02F /* LaunchScreen.storyboard in Resources */ = {isa = PBXBuildFile; fileRef = 3DC0B5081BDFB94E0099C02F /* LaunchScreen.storyboard */; };
		3DE1FE711BEB941E006E229F /* FakeWindow.swift in Sources */ = {isa = PBXBuildFile; fileRef = 3DE1FE701BEB941E006E229F /* FakeWindow.swift */; };
/* End PBXBuildFile section */

/* Begin PBXFileReference section */
		3DC0B4FA1BDFB94E0099C02F /* iiiimmmm2.app */ = {isa = PBXFileReference; explicitFileType = wrapper.application; includeInIndex = 0; path = iiiimmmm2.app; sourceTree = BUILT_PRODUCTS_DIR; };
		3DC0B4FD1BDFB94E0099C02F /* AppDelegate.swift */ = {isa = PBXFileReference; lastKnownFileType = sourcecode.swift; path = AppDelegate.swift; sourceTree = "<group>"; };
		3DC0B4FF1BDFB94E0099C02F /* FirstViewController.swift */ = {isa = PBXFileReference; lastKnownFileType = sourcecode.swift; path = FirstViewController.swift; sourceTree = "<group>"; };
		3DC0B5011BDFB94E0099C02F /* SecondViewController.swift */ = {isa = PBXFileReference; lastKnownFileType = sourcecode.swift; path = SecondViewController.swift; sourceTree = "<group>"; };
		3DC0B5041BDFB94E0099C02F /* Base */ = {isa = PBXFileReference; lastKnownFileType = file.storyboard; name = Base; path = Base.lproj/Main.storyboard; sourceTree = "<group>"; };
		3DC0B5061BDFB94E0099C02F /* Assets.xcassets */ = {isa = PBXFileReference; lastKnownFileType = folder.assetcatalog; path = Assets.xcassets; sourceTree = "<group>"; };
		3DC0B5091BDFB94E0099C02F /* Base */ = {isa = PBXFileReference; lastKnownFileType = file.storyboard; name = Base; path = Base.lproj/LaunchScreen.storyboard; sourceTree = "<group>"; };
		3DC0B50B1BDFB94E0099C02F /* Info.plist */ = {isa = PBXFileReference; lastKnownFileType = text.plist.xml; path = Info.plist; sourceTree = "<group>"; };
		3DE1FE701BEB941E006E229F /* FakeWindow.swift */ = {isa = PBXFileReference; fileEncoding = 4; lastKnownFileType = sourcecode.swift; path = FakeWindow.swift; sourceTree = "<group>"; };
		46FC08352DD5CAE7F7980A4B /* Pods_iiiimmmm2.framework */ = {isa = PBXFileReference; explicitFileType = wrapper.framework; includeInIndex = 0; path = Pods_iiiimmmm2.framework; sourceTree = BUILT_PRODUCTS_DIR; };
		7B58ECC3E03009E737603546 /* Pods-iiiimmmm2.debug.xcconfig */ = {isa = PBXFileReference; includeInIndex = 1; lastKnownFileType = text.xcconfig; name = "Pods-iiiimmmm2.debug.xcconfig"; path = "Pods/Target Support Files/Pods-iiiimmmm2/Pods-iiiimmmm2.debug.xcconfig"; sourceTree = "<group>"; };
		8197C9D4428CB440E0A29B82 /* Pods-iiiimmmm2.release.xcconfig */ = {isa = PBXFileReference; includeInIndex = 1; lastKnownFileType = text.xcconfig; name = "Pods-iiiimmmm2.release.xcconfig"; path = "Pods/Target Support Files/Pods-iiiimmmm2/Pods-iiiimmmm2.release.xcconfig"; sourceTree = "<group>"; };
/* End PBXFileReference section */

/* Begin PBXFrameworksBuildPhase section */
		3DC0B4F71BDFB94E0099C02F /* Frameworks */ = {
			isa = PBXFrameworksBuildPhase;
			buildActionMask = 2147483647;
			files = (
				002830EF02ACDAB579642DA9 /* Pods_iiiimmmm2.framework in Frameworks */,
			);
			runOnlyForDeploymentPostprocessing = 0;
		};
/* End PBXFrameworksBuildPhase section */

/* Begin PBXGroup section */
		3DC0B4F11BDFB94E0099C02F = {
			isa = PBXGroup;
			children = (
				3DC0B4FC1BDFB94E0099C02F /* iiiimmmm2 */,
				3DC0B4FB1BDFB94E0099C02F /* Products */,
				DA7795CEF25B3B60059C65F0 /* Pods */,
				B64BDBE9E27AE7F5620D59FB /* Frameworks */,
			);
			sourceTree = "<group>";
		};
		3DC0B4FB1BDFB94E0099C02F /* Products */ = {
			isa = PBXGroup;
			children = (
				3DC0B4FA1BDFB94E0099C02F /* iiiimmmm2.app */,
			);
			name = Products;
			sourceTree = "<group>";
		};
		3DC0B4FC1BDFB94E0099C02F /* iiiimmmm2 */ = {
			isa = PBXGroup;
			children = (
				3DC0B4FD1BDFB94E0099C02F /* AppDelegate.swift */,
				3DC0B4FF1BDFB94E0099C02F /* FirstViewController.swift */,
				3DC0B5011BDFB94E0099C02F /* SecondViewController.swift */,
				3DC0B5031BDFB94E0099C02F /* Main.storyboard */,
				3DC0B5061BDFB94E0099C02F /* Assets.xcassets */,
				3DC0B5081BDFB94E0099C02F /* LaunchScreen.storyboard */,
				3DC0B50B1BDFB94E0099C02F /* Info.plist */,
				3DE1FE701BEB941E006E229F /* FakeWindow.swift */,
			);
			path = iiiimmmm2;
			sourceTree = "<group>";
		};
		B64BDBE9E27AE7F5620D59FB /* Frameworks */ = {
			isa = PBXGroup;
			children = (
				46FC08352DD5CAE7F7980A4B /* Pods_iiiimmmm2.framework */,
			);
			name = Frameworks;
			sourceTree = "<group>";
		};
		DA7795CEF25B3B60059C65F0 /* Pods */ = {
			isa = PBXGroup;
			children = (
				7B58ECC3E03009E737603546 /* Pods-iiiimmmm2.debug.xcconfig */,
				8197C9D4428CB440E0A29B82 /* Pods-iiiimmmm2.release.xcconfig */,
			);
			name = Pods;
			sourceTree = "<group>";
		};
/* End PBXGroup section */

/* Begin PBXNativeTarget section */
		3DC0B4F91BDFB94E0099C02F /* iiiimmmm2 */ = {
			isa = PBXNativeTarget;
			buildConfigurationList = 3DC0B50E1BDFB94E0099C02F /* Build configuration list for PBXNativeTarget "iiiimmmm2" */;
			buildPhases = (
				BB57A2D11B175ADC48E892BB /* Check Pods Manifest.lock */,
				3DC0B4F61BDFB94E0099C02F /* Sources */,
				3DC0B4F71BDFB94E0099C02F /* Frameworks */,
				3DC0B4F81BDFB94E0099C02F /* Resources */,
				0CA223059411D2B0728D85D3 /* Embed Pods Frameworks */,
				46F0934032C948D508F56EC6 /* Copy Pods Resources */,
			);
			buildRules = (
			);
			dependencies = (
			);
			name = iiiimmmm2;
			productName = iiiimmmm2;
			productReference = 3DC0B4FA1BDFB94E0099C02F /* iiiimmmm2.app */;
			productType = "com.apple.product-type.application";
		};
/* End PBXNativeTarget section */

/* Begin PBXProject section */
		3DC0B4F21BDFB94E0099C02F /* Project object */ = {
			isa = PBXProject;
			attributes = {
				LastSwiftUpdateCheck = 0710;
				LastUpgradeCheck = 0710;
				ORGANIZATIONNAME = "АО \"БАРС Груп\"";
				TargetAttributes = {
					3DC0B4F91BDFB94E0099C02F = {
						CreatedOnToolsVersion = 7.1;
					};
				};
			};
			buildConfigurationList = 3DC0B4F51BDFB94E0099C02F /* Build configuration list for PBXProject "iiiimmmm2" */;
			compatibilityVersion = "Xcode 3.2";
			developmentRegion = English;
			hasScannedForEncodings = 0;
			knownRegions = (
				en,
				Base,
			);
			mainGroup = 3DC0B4F11BDFB94E0099C02F;
			productRefGroup = 3DC0B4FB1BDFB94E0099C02F /* Products */;
			projectDirPath = "";
			projectRoot = "";
			targets = (
				3DC0B4F91BDFB94E0099C02F /* iiiimmmm2 */,
			);
		};
/* End PBXProject section */

/* Begin PBXResourcesBuildPhase section */
		3DC0B4F81BDFB94E0099C02F /* Resources */ = {
			isa = PBXResourcesBuildPhase;
			buildActionMask = 2147483647;
			files = (
				3DC0B50A1BDFB94E0099C02F /* LaunchScreen.storyboard in Resources */,
				3DC0B5071BDFB94E0099C02F /* Assets.xcassets in Resources */,
				3DC0B5051BDFB94E0099C02F /* Main.storyboard in Resources */,
			);
			runOnlyForDeploymentPostprocessing = 0;
		};
/* End PBXResourcesBuildPhase section */

/* Begin PBXShellScriptBuildPhase section */
		0CA223059411D2B0728D85D3 /* Embed Pods Frameworks */ = {
			isa = PBXShellScriptBuildPhase;
			buildActionMask = 2147483647;
			files = (
			);
			inputPaths = (
			);
			name = "Embed Pods Frameworks";
			outputPaths = (
			);
			runOnlyForDeploymentPostprocessing = 0;
			shellPath = /bin/sh;
			shellScript = "\"${SRCROOT}/Pods/Target Support Files/Pods-iiiimmmm2/Pods-iiiimmmm2-frameworks.sh\"\n";
			showEnvVarsInLog = 0;
		};
		46F0934032C948D508F56EC6 /* Copy Pods Resources */ = {
			isa = PBXShellScriptBuildPhase;
			buildActionMask = 2147483647;
			files = (
			);
			inputPaths = (
			);
			name = "Copy Pods Resources";
			outputPaths = (
			);
			runOnlyForDeploymentPostprocessing = 0;
			shellPath = /bin/sh;
			shellScript = "\"${SRCROOT}/Pods/Target Support Files/Pods-iiiimmmm2/Pods-iiiimmmm2-resources.sh\"\n";
			showEnvVarsInLog = 0;
		};
		BB57A2D11B175ADC48E892BB /* Check Pods Manifest.lock */ = {
			isa = PBXShellScriptBuildPhase;
			buildActionMask = 2147483647;
			files = (
			);
			inputPaths = (
			);
			name = "Check Pods Manifest.lock";
			outputPaths = (
			);
			runOnlyForDeploymentPostprocessing = 0;
			shellPath = /bin/sh;
			shellScript = "diff \"${PODS_ROOT}/../Podfile.lock\" \"${PODS_ROOT}/Manifest.lock\" > /dev/null\nif [[ $? != 0 ]] ; then\n    cat << EOM\nerror: The sandbox is not in sync with the Podfile.lock. Run 'pod install' or update your CocoaPods installation.\nEOM\n    exit 1\nfi\n";
			showEnvVarsInLog = 0;
		};
/* End PBXShellScriptBuildPhase section */

/* Begin PBXSourcesBuildPhase section */
		3DC0B4F61BDFB94E0099C02F /* Sources */ = {
			isa = PBXSourcesBuildPhase;
			buildActionMask = 2147483647;
			files = (
				3DC0B5021BDFB94E0099C02F /* SecondViewController.swift in Sources */,
				3DC0B4FE1BDFB94E0099C02F /* AppDelegate.swift in Sources */,
				3DE1FE711BEB941E006E229F /* FakeWindow.swift in Sources */,
				3DC0B5001BDFB94E0099C02F /* FirstViewController.swift in Sources */,
			);
			runOnlyForDeploymentPostprocessing = 0;
		};
/* End PBXSourcesBuildPhase section */

/* Begin PBXVariantGroup section */
		3DC0B5031BDFB94E0099C02F /* Main.storyboard */ = {
			isa = PBXVariantGroup;
			children = (
				3DC0B5041BDFB94E0099C02F /* Base */,
			);
			name = Main.storyboard;
			sourceTree = "<group>";
		};
		3DC0B5081BDFB94E0099C02F /* LaunchScreen.storyboard */ = {
			isa = PBXVariantGroup;
			children = (
				3DC0B5091BDFB94E0099C02F /* Base */,
			);
			name = LaunchScreen.storyboard;
			sourceTree = "<group>";
		};
/* End PBXVariantGroup section */

/* Begin XCBuildConfiguration section */
		3DC0B50C1BDFB94E0099C02F /* Debug */ = {
			isa = XCBuildConfiguration;
			buildSettings = {
				ALWAYS_SEARCH_USER_PATHS = NO;
				CLANG_CXX_LANGUAGE_STANDARD = "gnu++0x";
				CLANG_CXX_LIBRARY = "libc++";
				CLANG_ENABLE_MODULES = YES;
				CLANG_ENABLE_OBJC_ARC = YES;
				CLANG_WARN_BOOL_CONVERSION = YES;
				CLANG_WARN_CONSTANT_CONVERSION = YES;
				CLANG_WARN_DIRECT_OBJC_ISA_USAGE = YES_ERROR;
				CLANG_WARN_EMPTY_BODY = YES;
				CLANG_WARN_ENUM_CONVERSION = YES;
				CLANG_WARN_INT_CONVERSION = YES;
				CLANG_WARN_OBJC_ROOT_CLASS = YES_ERROR;
				CLANG_WARN_UNREACHABLE_CODE = YES;
				CLANG_WARN__DUPLICATE_METHOD_MATCH = YES;
				"CODE_SIGN_IDENTITY[sdk=iphoneos*]" = "iPhone Developer";
				COPY_PHASE_STRIP = NO;
				DEBUG_INFORMATION_FORMAT = dwarf;
				ENABLE_BITCODE = NO;
				ENABLE_STRICT_OBJC_MSGSEND = YES;
				ENABLE_TESTABILITY = YES;
				GCC_C_LANGUAGE_STANDARD = gnu99;
				GCC_DYNAMIC_NO_PIC = NO;
				GCC_NO_COMMON_BLOCKS = YES;
				GCC_OPTIMIZATION_LEVEL = 0;
				GCC_PREPROCESSOR_DEFINITIONS = (
					"DEBUG=1",
					"$(inherited)",
				);
				GCC_WARN_64_TO_32_BIT_CONVERSION = YES;
				GCC_WARN_ABOUT_RETURN_TYPE = YES_ERROR;
				GCC_WARN_UNDECLARED_SELECTOR = YES;
				GCC_WARN_UNINITIALIZED_AUTOS = YES_AGGRESSIVE;
				GCC_WARN_UNUSED_FUNCTION = YES;
				GCC_WARN_UNUSED_VARIABLE = YES;
				IPHONEOS_DEPLOYMENT_TARGET = 9.1;
				MTL_ENABLE_DEBUG_INFO = YES;
				ONLY_ACTIVE_ARCH = YES;
				SDKROOT = iphoneos;
				SWIFT_OPTIMIZATION_LEVEL = "-Onone";
				TARGETED_DEVICE_FAMILY = 2;
			};
			name = Debug;
		};
		3DC0B50D1BDFB94E0099C02F /* Release */ = {
			isa = XCBuildConfiguration;
			buildSettings = {
				ALWAYS_SEARCH_USER_PATHS = NO;
				CLANG_CXX_LANGUAGE_STANDARD = "gnu++0x";
				CLANG_CXX_LIBRARY = "libc++";
				CLANG_ENABLE_MODULES = YES;
				CLANG_ENABLE_OBJC_ARC = YES;
				CLANG_WARN_BOOL_CONVERSION = YES;
				CLANG_WARN_CONSTANT_CONVERSION = YES;
				CLANG_WARN_DIRECT_OBJC_ISA_USAGE = YES_ERROR;
				CLANG_WARN_EMPTY_BODY = YES;
				CLANG_WARN_ENUM_CONVERSION = YES;
				CLANG_WARN_INT_CONVERSION = YES;
				CLANG_WARN_OBJC_ROOT_CLASS = YES_ERROR;
				CLANG_WARN_UNREACHABLE_CODE = YES;
				CLANG_WARN__DUPLICATE_METHOD_MATCH = YES;
				"CODE_SIGN_IDENTITY[sdk=iphoneos*]" = "iPhone Developer";
				COPY_PHASE_STRIP = NO;
				DEBUG_INFORMATION_FORMAT = "dwarf-with-dsym";
				ENABLE_BITCODE = NO;
				ENABLE_NS_ASSERTIONS = NO;
				ENABLE_STRICT_OBJC_MSGSEND = YES;
				GCC_C_LANGUAGE_STANDARD = gnu99;
				GCC_NO_COMMON_BLOCKS = YES;
				GCC_WARN_64_TO_32_BIT_CONVERSION = YES;
				GCC_WARN_ABOUT_RETURN_TYPE = YES_ERROR;
				GCC_WARN_UNDECLARED_SELECTOR = YES;
				GCC_WARN_UNINITIALIZED_AUTOS = YES_AGGRESSIVE;
				GCC_WARN_UNUSED_FUNCTION = YES;
				GCC_WARN_UNUSED_VARIABLE = YES;
				IPHONEOS_DEPLOYMENT_TARGET = 9.1;
				MTL_ENABLE_DEBUG_INFO = NO;
				SDKROOT = iphoneos;
				TARGETED_DEVICE_FAMILY = 2;
				VALIDATE_PRODUCT = YES;
			};
			name = Release;
		};
		3DC0B50F1BDFB94E0099C02F /* Debug */ = {
			isa = XCBuildConfiguration;
			baseConfigurationReference = 7B58ECC3E03009E737603546 /* Pods-iiiimmmm2.debug.xcconfig */;
			buildSettings = {
				ASSETCATALOG_COMPILER_APPICON_NAME = AppIcon;
				ENABLE_BITCODE = NO;
				INFOPLIST_FILE = iiiimmmm2/Info.plist;
				LD_RUNPATH_SEARCH_PATHS = "$(inherited) @executable_path/Frameworks";
				PRODUCT_BUNDLE_IDENTIFIER = "ru.bars-open.iiiimmmm2";
				PRODUCT_NAME = "$(TARGET_NAME)";
			};
			name = Debug;
		};
		3DC0B5101BDFB94E0099C02F /* Release */ = {
			isa = XCBuildConfiguration;
			baseConfigurationReference = 8197C9D4428CB440E0A29B82 /* Pods-iiiimmmm2.release.xcconfig */;
			buildSettings = {
				ASSETCATALOG_COMPILER_APPICON_NAME = AppIcon;
				ENABLE_BITCODE = NO;
				INFOPLIST_FILE = iiiimmmm2/Info.plist;
				LD_RUNPATH_SEARCH_PATHS = "$(inherited) @executable_path/Frameworks";
				PRODUCT_BUNDLE_IDENTIFIER = "ru.bars-open.iiiimmmm2";
				PRODUCT_NAME = "$(TARGET_NAME)";
			};
			name = Release;
		};
/* End XCBuildConfiguration section */

/* Begin XCConfigurationList section */
		3DC0B4F51BDFB94E0099C02F /* Build configuration list for PBXProject "iiiimmmm2" */ = {
			isa = XCConfigurationList;
			buildConfigurations = (
				3DC0B50C1BDFB94E0099C02F /* Debug */,
				3DC0B50D1BDFB94E0099C02F /* Release */,
			);
			defaultConfigurationIsVisible = 0;
			defaultConfigurationName = Release;
		};
		3DC0B50E1BDFB94E0099C02F /* Build configuration list for PBXNativeTarget "iiiimmmm2" */ = {
			isa = XCConfigurationList;
			buildConfigurations = (
				3DC0B50F1BDFB94E0099C02F /* Debug */,
				3DC0B5101BDFB94E0099C02F /* Release */,
			);
			defaultConfigurationIsVisible = 0;
			defaultConfigurationName = Release;
		};
/* End XCConfigurationList section */
	};
	rootObject = 3DC0B4F21BDFB94E0099C02F /* Project object */;
}
